// !$*UTF8*$!
{
	archiveVersion = 1;
	classes = {
	};
	objectVersion = 46;
	objects = {
/* Begin PBXBuildFile section */
		0207DA581B56EA530066E2B4 /* Images.xcassets in Resources */ = {isa = PBXBuildFile; fileRef = 0207DA571B56EA530066E2B4 /* Images.xcassets */; };
		029DED591F244E90B26709BF /* CDVWKWebViewUIDelegate.m in Sources */ = {isa = PBXBuildFile; fileRef = A863BC859B3F4BAD8B691D26 /* CDVWKWebViewUIDelegate.m */; };
		02E8BEBA020D8D385E0883D2 /* platform_www in Resources */ = {isa = PBXBuildFile; fileRef = 583A5A4D99015C3E1F5A6E51 /* platform_www */; };
		0D253D00DEFD411A95E4A664 /* shake.mp3 in Resources */ = {isa = PBXBuildFile; fileRef = BC15AA46C53A4CA589AB54B1 /* shake.mp3 */; };
		12EE31CDCEF346628F2706AB /* CDVWKProcessPoolFactory.m in Sources */ = {isa = PBXBuildFile; fileRef = 90DBEA98B700491AA4F06BB7 /* CDVWKProcessPoolFactory.m */; };
		1536F4656AAA4A3DBE12B51A /* IDCardScanner.m in Sources */ = {isa = PBXBuildFile; fileRef = 04546345C57A47B2B7D8CF0B /* IDCardScanner.m */; };
		193B01D5F26C87A4191C4C96 /* Aspects.framework in Frameworks */ = {isa = PBXBuildFile; fileRef = FEF65EC352E1422D1A685F92 /* Aspects.framework */; };
		1C1D49D01F6C46799DE538D4 /* 41BE070B78561BB56C47.lic in Resources */ = {isa = PBXBuildFile; fileRef = 8A6F4A133B9945CD81C2CCDE /* 41BE070B78561BB56C47.lic */; };
		1D3623260D0F684500981E51 /* AppDelegate.m in Sources */ = {isa = PBXBuildFile; fileRef = 1D3623250D0F684500981E51 /* AppDelegate.m */; };
		1D60589B0D05DD56006BFB54 /* main.m in Sources */ = {isa = PBXBuildFile; fileRef = 29B97316FDCFA39411CA2CEA /* main.m */; };
		1EEA5A842F5F4568938227F7 /* CordovaHttpPlugin.m in Sources */ = {isa = PBXBuildFile; fileRef = 9FA35CB5D164447882BF67BC /* CordovaHttpPlugin.m */; };
		25001E3E2A2A45E5A3C10583 /* ImageIO.framework in Frameworks */ = {isa = PBXBuildFile; fileRef = CA9FAC401B504180B48B044D /* ImageIO.framework */; settings = {ATTRIBUTES = (Weak, ); }; };
		275AC88511C54038B573C1DA /* SummerBridge.js in Resources */ = {isa = PBXBuildFile; fileRef = EF710D6492564FC599F5DF25 /* SummerBridge.js */; };
		28F7826DCE8942D566CBEEC4 /* FMDB.framework in Frameworks */ = {isa = PBXBuildFile; fileRef = BCFBA071A79715917B087F7A /* FMDB.framework */; };
		294FAD0309F4F39AD903DF53 /* SDWebImage.framework in Frameworks */ = {isa = PBXBuildFile; fileRef = D5A94C8279B63AB735382974 /* SDWebImage.framework */; };
		301BF552109A68D80062928A /* ReferenceProxy in Frameworks */ = {isa = PBXBuildFile; fileRef = 301BF535109A57CC0062928A /* libCordova.a */; };
		302D95F114D2391D003F00A1 /* MainViewController.m in Sources */ = {isa = PBXBuildFile; fileRef = 302D95EF14D2391D003F00A1 /* MainViewController.m */; };
		302D95F214D2391D003F00A1 /* MainViewController.xib in Resources */ = {isa = PBXBuildFile; fileRef = 302D95F014D2391D003F00A1 /* MainViewController.xib */; };
		383E2580E3B38A401EADC772 /* MBProgressHUD.framework in Frameworks */ = {isa = PBXBuildFile; fileRef = D424FBCFB2E7C2ADC7C05761 /* MBProgressHUD.framework */; };
		3F3241AE96BA40E8ADD2F5D1 /* CDVWKWebViewEngine.m in Sources */ = {isa = PBXBuildFile; fileRef = 79DC114FD8B14F65A20EEF3A /* CDVWKWebViewEngine.m */; };
		3F66EFCF974745148F92AD9F /* CoreLocation.framework in Frameworks */ = {isa = PBXBuildFile; fileRef = 5C4166537F724965B80EA01C /* CoreLocation.framework */; };
		45367F938AD148B480B343DE /* libSIDCard.a in Frameworks */ = {isa = PBXBuildFile; fileRef = EF666CA628094FD19BB7A976 /* libSIDCard.a */; };
		478595472965D3CC7CD2590D /* TZImagePickerController.framework in Frameworks */ = {isa = PBXBuildFile; fileRef = A31A37E5F49B4DAB7601B890 /* TZImagePickerController.framework */; };
		57489E9C17D548B0883D93CF /* SystemConfiguration.framework in Frameworks */ = {isa = PBXBuildFile; fileRef = 1D27069C8E724F45882DF131 /* SystemConfiguration.framework */; };
		6800229F419E435288BF91E6 /* CDVJpegHeaderWriter.m in Sources */ = {isa = PBXBuildFile; fileRef = 6E4B4F0F27764BF68E9E6CFA /* CDVJpegHeaderWriter.m */; };
		69E53BE48BBC4999938DF69B /* IUMCommonUI.xcassets in Resources */ = {isa = PBXBuildFile; fileRef = A6F8D62EFDC74C89BE75673D /* IUMCommonUI.xcassets */; };
		6AFF5BF91D6E424B00AB3073 /* CDVLaunchScreen.storyboard in Resources */ = {isa = PBXBuildFile; fileRef = 6AFF5BF81D6E424B00AB3073 /* CDVLaunchScreen.storyboard */; };
		6BDE762157BC4165B26DD8F3 /* UIImage+CropScaleOrientation.m in Sources */ = {isa = PBXBuildFile; fileRef = 1C7C24633D5F46C7BB4A2F00 /* UIImage+CropScaleOrientation.m */; };
		6DA996B7273D4674A316C8A8 /* libsqlite3.0.tbd in Frameworks */ = {isa = PBXBuildFile; fileRef = 165BA41D642449EFA1C9A3CF /* libsqlite3.0.tbd */; };
		73C204D8CC964507917D20E3 /* WebKit.framework in Frameworks */ = {isa = PBXBuildFile; fileRef = A0EEBF9F39EF4B9B9D28E404 /* WebKit.framework */; settings = {ATTRIBUTES = (Weak, ); }; };
		754BCCBDD8BC45BEAB2CFB94 /* AVFoundation.framework in Frameworks */ = {isa = PBXBuildFile; fileRef = BBCC1EF90B964FAAA4F67395 /* AVFoundation.framework */; };
		78313A5275CB411BB8434B9D /* CoreMedia.framework in Frameworks */ = {isa = PBXBuildFile; fileRef = B61DDC8686DE4D1FB1A2098B /* CoreMedia.framework */; };
		7ED151CB507F40289B0D4912 /* CoreMotion.framework in Frameworks */ = {isa = PBXBuildFile; fileRef = 20681EA10893408E9DD06268 /* CoreMotion.framework */; };
		9119B74A551745609950D3F9 /* CDVAssetLibraryFilesystem.m in Sources */ = {isa = PBXBuildFile; fileRef = 89A3B59E6DDB4C14BE3339C5 /* CDVAssetLibraryFilesystem.m */; };
		91F249E0C0D745F54E0BA08E /* YYModel.framework in Frameworks */ = {isa = PBXBuildFile; fileRef = FF18023518C6E5BBA44A40F6 /* YYModel.framework */; };
		9577FC28B64343CE9CEACB43 /* AudioToolbox.framework in Frameworks */ = {isa = PBXBuildFile; fileRef = 9FCC79D1F86E4152AA77020E /* AudioToolbox.framework */; };
		964A9981ACF54BFFA43B91DD /* CDVCamera.m in Sources */ = {isa = PBXBuildFile; fileRef = 4A2DD252B7EA43A7A70F20DE /* CDVCamera.m */; };
		A441DD1178A04A2489128894 /* libstdc++.tbd in Frameworks */ = {isa = PBXBuildFile; fileRef = B3712DAD7230464E82CB91F6 /* libstdc++.tbd */; };
		A9B63942C3A4454684DE4DE1 /* CDVSummerAPMPlugin.m in Sources */ = {isa = PBXBuildFile; fileRef = 6BBCD22D3D774C92ACA1C1B1 /* CDVSummerAPMPlugin.m */; };
		B2578B23B2D64FCE940AC023 /* libresolv.tbd in Frameworks */ = {isa = PBXBuildFile; fileRef = 8D7F36EF493D47D09BB7D15A /* libresolv.tbd */; };
		B7F37C1B764D4129969E76A2 /* CDVLocalFilesystem.m in Sources */ = {isa = PBXBuildFile; fileRef = 4CFBD0A7DD7A415BBF72D22D /* CDVLocalFilesystem.m */; };
		C7C4AFD6CF784ED5B8527057 /* libiUapMobile.a in Frameworks */ = {isa = PBXBuildFile; fileRef = C70E51AEF70345BFAC7DE50C /* libiUapMobile.a */; };
		C7E043935A1D99CBBCEE193F /* SAMKeychain.framework in Frameworks */ = {isa = PBXBuildFile; fileRef = 50DC05134DE57112F8EA91F1 /* SAMKeychain.framework */; };
		C87312590F484A609E08A557 /* PhotoBrowser.xcassets in Resources */ = {isa = PBXBuildFile; fileRef = C56F82065BA14FDFA107E5A9 /* PhotoBrowser.xcassets */; };
		CF5F8E3C2D9E48B38C76F90E /* Summer.xcassets in Resources */ = {isa = PBXBuildFile; fileRef = 808360573A77435CB242A471 /* Summer.xcassets */; };
		E0B7A3765CED488E93AC2C24 /* AliyunOSSiOS.framework in Frameworks */ = {isa = PBXBuildFile; fileRef = A37DCA134F6D41599341BA88 /* AliyunOSSiOS.framework */; };
		E454B7F12DAEBE052AC2C18F /* SSZipArchive.framework in Frameworks */ = {isa = PBXBuildFile; fileRef = F14E46AD76B0B5B0E1B2B897 /* SSZipArchive.framework */; };
		EBA81A241572F5FAD99E1A68 /* MJRefresh.framework in Frameworks */ = {isa = PBXBuildFile; fileRef = 4A458410B7813A58757D1A39 /* MJRefresh.framework */; };
		FE33B9D16D644B68AD6B0EF3 /* CDVFile.m in Sources */ = {isa = PBXBuildFile; fileRef = F017B1BA7F654ECE8DEA0CBD /* CDVFile.m */; };
/* End PBXBuildFile section */

/* Begin PBXContainerItemProxy section */
		301BF534109A57CC0062928A /* PBXContainerItemProxy */ = {
			isa = PBXContainerItemProxy;
			containerPortal = 301BF52D109A57CC0062928A /* CordovaLib.xcodeproj */;
			proxyType = 2;
			remoteGlobalIDString = D2AAC07E0554694100DB518D;
			remoteInfo = CordovaLib;
		};
		301BF550109A68C00062928A /* PBXContainerItemProxy */ = {
			isa = PBXContainerItemProxy;
			containerPortal = 301BF52D109A57CC0062928A /* CordovaLib.xcodeproj */;
			proxyType = 1;
			remoteGlobalIDString = D2AAC07D0554694100DB518D;
			remoteInfo = CordovaLib;
		};
/* End PBXContainerItemProxy section */

/* Begin PBXFileReference section */
		00E0DF444BA14A228F638EF8 /* CDVFile.h */ = {isa = PBXFileReference; explicitFileType = undefined; fileEncoding = 4; includeInIndex = 0; lastKnownFileType = sourcecode.c.h; name = CDVFile.h; path = "cordova-plugin-file/CDVFile.h"; sourceTree = "<group>"; };
		0207DA571B56EA530066E2B4 /* Images.xcassets */ = {isa = PBXFileReference; lastKnownFileType = folder.assetcatalog; name = Images.xcassets; path = "天祝融/Images.xcassets"; sourceTree = SOURCE_ROOT; };
		04546345C57A47B2B7D8CF0B /* IDCardScanner.m */ = {isa = PBXFileReference; explicitFileType = undefined; fileEncoding = 4; includeInIndex = 0; lastKnownFileType = sourcecode.c.objc; name = IDCardScanner.m; path = "cordova-plugin-summer-personscan/IDCardScanner.m"; sourceTree = "<group>"; };
		0497D2F3834A421D868B6130 /* CDVSummerAPMPlugin.h */ = {isa = PBXFileReference; explicitFileType = undefined; fileEncoding = 4; includeInIndex = 0; lastKnownFileType = sourcecode.c.h; name = CDVSummerAPMPlugin.h; path = "summer-plugin-apm/CDVSummerAPMPlugin.h"; sourceTree = "<group>"; };
		0ACE6D8515A44469AF859229 /* UIImage+CropScaleOrientation.h */ = {isa = PBXFileReference; explicitFileType = undefined; fileEncoding = 4; includeInIndex = 0; lastKnownFileType = sourcecode.c.h; name = "UIImage+CropScaleOrientation.h"; path = "cordova-plugin-camera/UIImage+CropScaleOrientation.h"; sourceTree = "<group>"; };
		11053D2B609F4B20B3C2A033 /* CordovaHttpPlugin.h */ = {isa = PBXFileReference; explicitFileType = undefined; fileEncoding = 4; includeInIndex = 0; lastKnownFileType = sourcecode.c.h; name = CordovaHttpPlugin.h; path = "cordova-plugin-http/CordovaHttpPlugin.h"; sourceTree = "<group>"; };
		165BA41D642449EFA1C9A3CF /* libsqlite3.0.tbd */ = {isa = PBXFileReference; explicitFileType = undefined; fileEncoding = undefined; includeInIndex = 0; lastKnownFileType = "sourcecode.text-based-dylib-definition"; name = libsqlite3.0.tbd; path = usr/lib/libsqlite3.0.tbd; sourceTree = SDKROOT; };
		1C7C24633D5F46C7BB4A2F00 /* UIImage+CropScaleOrientation.m */ = {isa = PBXFileReference; explicitFileType = undefined; fileEncoding = 4; includeInIndex = 0; lastKnownFileType = sourcecode.c.objc; name = "UIImage+CropScaleOrientation.m"; path = "cordova-plugin-camera/UIImage+CropScaleOrientation.m"; sourceTree = "<group>"; };
		1D27069C8E724F45882DF131 /* SystemConfiguration.framework */ = {isa = PBXFileReference; explicitFileType = undefined; fileEncoding = undefined; includeInIndex = 0; lastKnownFileType = wrapper.framework; name = SystemConfiguration.framework; path = System/Library/Frameworks/SystemConfiguration.framework; sourceTree = SDKROOT; };
		1D3623240D0F684500981E51 /* AppDelegate.h */ = {isa = PBXFileReference; fileEncoding = 4; lastKnownFileType = sourcecode.c.h; path = AppDelegate.h; sourceTree = "<group>"; };
		1D3623250D0F684500981E51 /* AppDelegate.m */ = {isa = PBXFileReference; fileEncoding = 4; lastKnownFileType = sourcecode.c.objc; path = AppDelegate.m; sourceTree = "<group>"; };
		1D6058910D05DD3D006BFB54 /* 天祝融.app */ = {isa = PBXFileReference; explicitFileType = wrapper.application; includeInIndex = 0; path = "天祝融.app"; sourceTree = BUILT_PRODUCTS_DIR; };
		20681EA10893408E9DD06268 /* CoreMotion.framework */ = {isa = PBXFileReference; explicitFileType = undefined; fileEncoding = undefined; includeInIndex = 0; lastKnownFileType = wrapper.framework; name = CoreMotion.framework; path = System/Library/Frameworks/CoreMotion.framework; sourceTree = SDKROOT; };
		29B97316FDCFA39411CA2CEA /* main.m */ = {isa = PBXFileReference; fileEncoding = 4; lastKnownFileType = sourcecode.c.objc; path = main.m; sourceTree = "<group>"; };
		301BF52D109A57CC0062928A /* CordovaLib.xcodeproj */ = {isa = PBXFileReference; lastKnownFileType = "wrapper.pb-project"; path = CordovaLib/CordovaLib.xcodeproj; sourceTree = "<group>"; };
		301BF56E109A69640062928A /* www */ = {isa = PBXFileReference; lastKnownFileType = folder; path = www; sourceTree = SOURCE_ROOT; };
		302D95EE14D2391D003F00A1 /* MainViewController.h */ = {isa = PBXFileReference; fileEncoding = 4; lastKnownFileType = sourcecode.c.h; path = MainViewController.h; sourceTree = "<group>"; };
		302D95EF14D2391D003F00A1 /* MainViewController.m */ = {isa = PBXFileReference; fileEncoding = 4; lastKnownFileType = sourcecode.c.objc; path = MainViewController.m; sourceTree = "<group>"; };
		302D95F014D2391D003F00A1 /* MainViewController.xib */ = {isa = PBXFileReference; fileEncoding = 4; lastKnownFileType = file.xib; path = MainViewController.xib; sourceTree = "<group>"; };
		3047A50F1AB8059700498E2A /* build-debug.xcconfig */ = {isa = PBXFileReference; fileEncoding = 4; lastKnownFileType = text.xcconfig; name = "build-debug.xcconfig"; path = "cordova/build-debug.xcconfig"; sourceTree = SOURCE_ROOT; };
		3047A5101AB8059700498E2A /* build-release.xcconfig */ = {isa = PBXFileReference; fileEncoding = 4; lastKnownFileType = text.xcconfig; name = "build-release.xcconfig"; path = "cordova/build-release.xcconfig"; sourceTree = SOURCE_ROOT; };
		3047A5111AB8059700498E2A /* build.xcconfig */ = {isa = PBXFileReference; fileEncoding = 4; lastKnownFileType = text.xcconfig; name = build.xcconfig; path = cordova/build.xcconfig; sourceTree = SOURCE_ROOT; };
		32CA4F630368D1EE00C91783 /* 天祝融-Prefix.pch */ = {isa = PBXFileReference; fileEncoding = 4; lastKnownFileType = sourcecode.c.h; path = "天祝融-Prefix.pch"; sourceTree = "<group>"; };
		3307EF950ED44A09B915FEE5 /* CDVWKWebViewEngine.h */ = {isa = PBXFileReference; explicitFileType = undefined; fileEncoding = 4; includeInIndex = 0; lastKnownFileType = sourcecode.c.h; name = CDVWKWebViewEngine.h; path = "cordova-plugin-wkwebview-engine/CDVWKWebViewEngine.h"; sourceTree = "<group>"; };
		45C8D7291AA9460EA337309C /* CDVJpegHeaderWriter.h */ = {isa = PBXFileReference; explicitFileType = undefined; fileEncoding = 4; includeInIndex = 0; lastKnownFileType = sourcecode.c.h; name = CDVJpegHeaderWriter.h; path = "cordova-plugin-camera/CDVJpegHeaderWriter.h"; sourceTree = "<group>"; };
		4A2DD252B7EA43A7A70F20DE /* CDVCamera.m */ = {isa = PBXFileReference; explicitFileType = undefined; fileEncoding = 4; includeInIndex = 0; lastKnownFileType = sourcecode.c.objc; name = CDVCamera.m; path = "cordova-plugin-camera/CDVCamera.m"; sourceTree = "<group>"; };
		4A458410B7813A58757D1A39 /* MJRefresh.framework */ = {isa = PBXFileReference; lastKnownFileType = wrapper.framework; name = MJRefresh.framework; path = DynamicFrameworks/MJRefresh.framework; sourceTree = "<group>"; };
		4CFBD0A7DD7A415BBF72D22D /* CDVLocalFilesystem.m */ = {isa = PBXFileReference; explicitFileType = undefined; fileEncoding = 4; includeInIndex = 0; lastKnownFileType = sourcecode.c.objc; name = CDVLocalFilesystem.m; path = "cordova-plugin-file/CDVLocalFilesystem.m"; sourceTree = "<group>"; };
		50DC05134DE57112F8EA91F1 /* SAMKeychain.framework */ = {isa = PBXFileReference; lastKnownFileType = wrapper.framework; name = SAMKeychain.framework; path = DynamicFrameworks/SAMKeychain.framework; sourceTree = "<group>"; };
		541A09FFFDA7435699ABB970 /* SIDCard.h */ = {isa = PBXFileReference; explicitFileType = undefined; fileEncoding = 4; includeInIndex = 0; lastKnownFileType = sourcecode.c.h; name = SIDCard.h; path = "cordova-plugin-summer-personscan/SIDCard.h"; sourceTree = "<group>"; };
		583A5A4D99015C3E1F5A6E51 /* platform_www */ = {isa = PBXFileReference; includeInIndex = 1; path = platform_www; sourceTree = "<group>"; };
		5C4166537F724965B80EA01C /* CoreLocation.framework */ = {isa = PBXFileReference; explicitFileType = undefined; fileEncoding = undefined; includeInIndex = 0; lastKnownFileType = wrapper.framework; name = CoreLocation.framework; path = System/Library/Frameworks/CoreLocation.framework; sourceTree = SDKROOT; };
		61BA4D63346D4DA9A27829A0 /* CDVExif.h */ = {isa = PBXFileReference; explicitFileType = undefined; fileEncoding = 4; includeInIndex = 0; lastKnownFileType = sourcecode.c.h; name = CDVExif.h; path = "cordova-plugin-camera/CDVExif.h"; sourceTree = "<group>"; };
		6AFF5BF81D6E424B00AB3073 /* CDVLaunchScreen.storyboard */ = {isa = PBXFileReference; fileEncoding = 4; lastKnownFileType = file.storyboard; name = CDVLaunchScreen.storyboard; path = "天祝融/CDVLaunchScreen.storyboard"; sourceTree = SOURCE_ROOT; };
		6BBCD22D3D774C92ACA1C1B1 /* CDVSummerAPMPlugin.m */ = {isa = PBXFileReference; explicitFileType = undefined; fileEncoding = 4; includeInIndex = 0; lastKnownFileType = sourcecode.c.objc; name = CDVSummerAPMPlugin.m; path = "summer-plugin-apm/CDVSummerAPMPlugin.m"; sourceTree = "<group>"; };
		6E4B4F0F27764BF68E9E6CFA /* CDVJpegHeaderWriter.m */ = {isa = PBXFileReference; explicitFileType = undefined; fileEncoding = 4; includeInIndex = 0; lastKnownFileType = sourcecode.c.objc; name = CDVJpegHeaderWriter.m; path = "cordova-plugin-camera/CDVJpegHeaderWriter.m"; sourceTree = "<group>"; };
		79DC114FD8B14F65A20EEF3A /* CDVWKWebViewEngine.m */ = {isa = PBXFileReference; explicitFileType = undefined; fileEncoding = 4; includeInIndex = 0; lastKnownFileType = sourcecode.c.objc; name = CDVWKWebViewEngine.m; path = "cordova-plugin-wkwebview-engine/CDVWKWebViewEngine.m"; sourceTree = "<group>"; };
		808360573A77435CB242A471 /* Summer.xcassets */ = {isa = PBXFileReference; explicitFileType = undefined; fileEncoding = undefined; includeInIndex = 0; lastKnownFileType = folder.assetcatalog; name = Summer.xcassets; path = Summer.xcassets; sourceTree = "<group>"; };
		89A3B59E6DDB4C14BE3339C5 /* CDVAssetLibraryFilesystem.m */ = {isa = PBXFileReference; explicitFileType = undefined; fileEncoding = 4; includeInIndex = 0; lastKnownFileType = sourcecode.c.objc; name = CDVAssetLibraryFilesystem.m; path = "cordova-plugin-file/CDVAssetLibraryFilesystem.m"; sourceTree = "<group>"; };
		8A6F4A133B9945CD81C2CCDE /* 41BE070B78561BB56C47.lic */ = {isa = PBXFileReference; explicitFileType = undefined; fileEncoding = undefined; includeInIndex = 0; lastKnownFileType = unknown; name = 41BE070B78561BB56C47.lic; path = 41BE070B78561BB56C47.lic; sourceTree = "<group>"; };
		8D1107310486CEB800E47090 /* 天祝融-Info.plist */ = {isa = PBXFileReference; fileEncoding = 4; lastKnownFileType = text.plist.xml; name = "天祝融-Info.plist"; path = "天祝融/天祝融-Info.plist"; plistStructureDefinitionIdentifier = "com.apple.xcode.plist.structure-definition.iphone.info-plist"; sourceTree = SOURCE_ROOT; };
		8D7F36EF493D47D09BB7D15A /* libresolv.tbd */ = {isa = PBXFileReference; explicitFileType = undefined; fileEncoding = undefined; includeInIndex = 0; lastKnownFileType = "sourcecode.text-based-dylib-definition"; name = libresolv.tbd; path = usr/lib/libresolv.tbd; sourceTree = SDKROOT; };
		8E4BDE56C9E048AD83AF679A /* CDVLocalFilesystem.h */ = {isa = PBXFileReference; explicitFileType = undefined; fileEncoding = 4; includeInIndex = 0; lastKnownFileType = sourcecode.c.h; name = CDVLocalFilesystem.h; path = "cordova-plugin-file/CDVLocalFilesystem.h"; sourceTree = "<group>"; };
		90DBEA98B700491AA4F06BB7 /* CDVWKProcessPoolFactory.m */ = {isa = PBXFileReference; explicitFileType = undefined; fileEncoding = 4; includeInIndex = 0; lastKnownFileType = sourcecode.c.objc; name = CDVWKProcessPoolFactory.m; path = "cordova-plugin-wkwebview-engine/CDVWKProcessPoolFactory.m"; sourceTree = "<group>"; };
		9BAD81C96BC14244AB8AF0AF /* IDCardScanner.h */ = {isa = PBXFileReference; explicitFileType = undefined; fileEncoding = 4; includeInIndex = 0; lastKnownFileType = sourcecode.c.h; name = IDCardScanner.h; path = "cordova-plugin-summer-personscan/IDCardScanner.h"; sourceTree = "<group>"; };
		9FA35CB5D164447882BF67BC /* CordovaHttpPlugin.m */ = {isa = PBXFileReference; explicitFileType = undefined; fileEncoding = 4; includeInIndex = 0; lastKnownFileType = sourcecode.c.objc; name = CordovaHttpPlugin.m; path = "cordova-plugin-http/CordovaHttpPlugin.m"; sourceTree = "<group>"; };
		9FCC79D1F86E4152AA77020E /* AudioToolbox.framework */ = {isa = PBXFileReference; explicitFileType = undefined; fileEncoding = undefined; includeInIndex = 0; lastKnownFileType = wrapper.framework; name = AudioToolbox.framework; path = System/Library/Frameworks/AudioToolbox.framework; sourceTree = SDKROOT; };
		A0EEBF9F39EF4B9B9D28E404 /* WebKit.framework */ = {isa = PBXFileReference; explicitFileType = undefined; fileEncoding = undefined; includeInIndex = 0; lastKnownFileType = wrapper.framework; name = WebKit.framework; path = System/Library/Frameworks/WebKit.framework; sourceTree = SDKROOT; };
		A3113422E6D047A09A95595B /* CDVWKProcessPoolFactory.h */ = {isa = PBXFileReference; explicitFileType = undefined; fileEncoding = 4; includeInIndex = 0; lastKnownFileType = sourcecode.c.h; name = CDVWKProcessPoolFactory.h; path = "cordova-plugin-wkwebview-engine/CDVWKProcessPoolFactory.h"; sourceTree = "<group>"; };
		A31A37E5F49B4DAB7601B890 /* TZImagePickerController.framework */ = {isa = PBXFileReference; lastKnownFileType = wrapper.framework; name = TZImagePickerController.framework; path = DynamicFrameworks/TZImagePickerController.framework; sourceTree = "<group>"; };
		A37DCA134F6D41599341BA88 /* AliyunOSSiOS.framework */ = {isa = PBXFileReference; explicitFileType = undefined; fileEncoding = undefined; includeInIndex = 0; lastKnownFileType = wrapper.framework; name = AliyunOSSiOS.framework; path = "天祝融/Plugins/cordova-plugin-iuapmobile/AliyunOSSiOS.framework"; sourceTree = "<group>"; };
		A6F8D62EFDC74C89BE75673D /* IUMCommonUI.xcassets */ = {isa = PBXFileReference; explicitFileType = undefined; fileEncoding = undefined; includeInIndex = 0; lastKnownFileType = folder.assetcatalog; name = IUMCommonUI.xcassets; path = IUMCommonUI.xcassets; sourceTree = "<group>"; };
		A863BC859B3F4BAD8B691D26 /* CDVWKWebViewUIDelegate.m */ = {isa = PBXFileReference; explicitFileType = undefined; fileEncoding = 4; includeInIndex = 0; lastKnownFileType = sourcecode.c.objc; name = CDVWKWebViewUIDelegate.m; path = "cordova-plugin-wkwebview-engine/CDVWKWebViewUIDelegate.m"; sourceTree = "<group>"; };
		B3712DAD7230464E82CB91F6 /* libstdc++.tbd */ = {isa = PBXFileReference; explicitFileType = undefined; fileEncoding = undefined; includeInIndex = 0; lastKnownFileType = "sourcecode.text-based-dylib-definition"; name = "libstdc++.tbd"; path = "usr/lib/libstdc++.tbd"; sourceTree = SDKROOT; };
		B61DDC8686DE4D1FB1A2098B /* CoreMedia.framework */ = {isa = PBXFileReference; explicitFileType = undefined; fileEncoding = undefined; includeInIndex = 0; lastKnownFileType = wrapper.framework; name = CoreMedia.framework; path = System/Library/Frameworks/CoreMedia.framework; sourceTree = SDKROOT; };
		BBCC1EF90B964FAAA4F67395 /* AVFoundation.framework */ = {isa = PBXFileReference; explicitFileType = undefined; fileEncoding = undefined; includeInIndex = 0; lastKnownFileType = wrapper.framework; name = AVFoundation.framework; path = System/Library/Frameworks/AVFoundation.framework; sourceTree = SDKROOT; };
		BC15AA46C53A4CA589AB54B1 /* shake.mp3 */ = {isa = PBXFileReference; explicitFileType = undefined; fileEncoding = undefined; includeInIndex = 0; lastKnownFileType = unknown; name = shake.mp3; path = shake.mp3; sourceTree = "<group>"; };
		BCFBA071A79715917B087F7A /* FMDB.framework */ = {isa = PBXFileReference; lastKnownFileType = wrapper.framework; name = FMDB.framework; path = DynamicFrameworks/FMDB.framework; sourceTree = "<group>"; };
		C56F82065BA14FDFA107E5A9 /* PhotoBrowser.xcassets */ = {isa = PBXFileReference; explicitFileType = undefined; fileEncoding = undefined; includeInIndex = 0; lastKnownFileType = folder.assetcatalog; name = PhotoBrowser.xcassets; path = PhotoBrowser.xcassets; sourceTree = "<group>"; };
		C5D817C0F648417BA1C88995 /* CDVAssetLibraryFilesystem.h */ = {isa = PBXFileReference; explicitFileType = undefined; fileEncoding = 4; includeInIndex = 0; lastKnownFileType = sourcecode.c.h; name = CDVAssetLibraryFilesystem.h; path = "cordova-plugin-file/CDVAssetLibraryFilesystem.h"; sourceTree = "<group>"; };
		C70E51AEF70345BFAC7DE50C /* libiUapMobile.a */ = {isa = PBXFileReference; explicitFileType = undefined; fileEncoding = undefined; includeInIndex = 0; lastKnownFileType = archive.ar; name = libiUapMobile.a; path = "天祝融/Plugins/cordova-plugin-iuapmobile/libiUapMobile.a"; sourceTree = "<group>"; };
		CA9FAC401B504180B48B044D /* ImageIO.framework */ = {isa = PBXFileReference; explicitFileType = undefined; fileEncoding = undefined; includeInIndex = 0; lastKnownFileType = wrapper.framework; name = ImageIO.framework; path = System/Library/Frameworks/ImageIO.framework; sourceTree = SDKROOT; };
		D424FBCFB2E7C2ADC7C05761 /* MBProgressHUD.framework */ = {isa = PBXFileReference; lastKnownFileType = wrapper.framework; name = MBProgressHUD.framework; path = DynamicFrameworks/MBProgressHUD.framework; sourceTree = "<group>"; };
		D5A94C8279B63AB735382974 /* SDWebImage.framework */ = {isa = PBXFileReference; lastKnownFileType = wrapper.framework; name = SDWebImage.framework; path = DynamicFrameworks/SDWebImage.framework; sourceTree = "<group>"; };
		EB87FDF31871DA8E0020F90C /* www */ = {isa = PBXFileReference; lastKnownFileType = folder; name = www; path = ../../www; sourceTree = "<group>"; };
		EB87FDF41871DAF40020F90C /* config.xml */ = {isa = PBXFileReference; lastKnownFileType = text.xml; name = config.xml; path = ../../config.xml; sourceTree = "<group>"; };
		ED33DF2A687741AEAF9F8254 /* Bridging-Header.h */ = {isa = PBXFileReference; fileEncoding = 4; lastKnownFileType = sourcecode.c.h; name = "Bridging-Header.h"; path = "Bridging-Header.h"; sourceTree = "<group>"; };
		EF666CA628094FD19BB7A976 /* libSIDCard.a */ = {isa = PBXFileReference; explicitFileType = undefined; fileEncoding = undefined; includeInIndex = 0; lastKnownFileType = archive.ar; name = libSIDCard.a; path = "天祝融/Plugins/cordova-plugin-summer-personscan/libSIDCard.a"; sourceTree = "<group>"; };
		EF710D6492564FC599F5DF25 /* SummerBridge.js */ = {isa = PBXFileReference; explicitFileType = undefined; fileEncoding = undefined; includeInIndex = 0; lastKnownFileType = unknown; name = SummerBridge.js; path = SummerBridge.js; sourceTree = "<group>"; };
		F017B1BA7F654ECE8DEA0CBD /* CDVFile.m */ = {isa = PBXFileReference; explicitFileType = undefined; fileEncoding = 4; includeInIndex = 0; lastKnownFileType = sourcecode.c.objc; name = CDVFile.m; path = "cordova-plugin-file/CDVFile.m"; sourceTree = "<group>"; };
		F14E46AD76B0B5B0E1B2B897 /* SSZipArchive.framework */ = {isa = PBXFileReference; lastKnownFileType = wrapper.framework; name = SSZipArchive.framework; path = DynamicFrameworks/SSZipArchive.framework; sourceTree = "<group>"; };
		F21F9BAA745A43A0982FF578 /* CDVCamera.h */ = {isa = PBXFileReference; explicitFileType = undefined; fileEncoding = 4; includeInIndex = 0; lastKnownFileType = sourcecode.c.h; name = CDVCamera.h; path = "cordova-plugin-camera/CDVCamera.h"; sourceTree = "<group>"; };
		F70061405A274B36BC496DEE /* CDVWKWebViewUIDelegate.h */ = {isa = PBXFileReference; explicitFileType = undefined; fileEncoding = 4; includeInIndex = 0; lastKnownFileType = sourcecode.c.h; name = CDVWKWebViewUIDelegate.h; path = "cordova-plugin-wkwebview-engine/CDVWKWebViewUIDelegate.h"; sourceTree = "<group>"; };
		F840E1F0165FE0F500CFE078 /* config.xml */ = {isa = PBXFileReference; lastKnownFileType = text.xml; name = config.xml; path = "天祝融/config.xml"; sourceTree = "<group>"; };
		FEF65EC352E1422D1A685F92 /* Aspects.framework */ = {isa = PBXFileReference; lastKnownFileType = wrapper.framework; name = Aspects.framework; path = DynamicFrameworks/Aspects.framework; sourceTree = "<group>"; };
		FF18023518C6E5BBA44A40F6 /* YYModel.framework */ = {isa = PBXFileReference; lastKnownFileType = wrapper.framework; name = YYModel.framework; path = DynamicFrameworks/YYModel.framework; sourceTree = "<group>"; };
/* End PBXFileReference section */

/* Begin PBXFrameworksBuildPhase section */
		1D60588F0D05DD3D006BFB54 /* Frameworks */ = {
			isa = PBXFrameworksBuildPhase;
			buildActionMask = 2147483647;
			files = (
				301BF552109A68D80062928A /* ReferenceProxy in Frameworks */,
				C7C4AFD6CF784ED5B8527057 /* libiUapMobile.a in Frameworks */,
				6DA996B7273D4674A316C8A8 /* libsqlite3.0.tbd in Frameworks */,
				B2578B23B2D64FCE940AC023 /* libresolv.tbd in Frameworks */,
				57489E9C17D548B0883D93CF /* SystemConfiguration.framework in Frameworks */,
				E0B7A3765CED488E93AC2C24 /* AliyunOSSiOS.framework in Frameworks */,
				73C204D8CC964507917D20E3 /* WebKit.framework in Frameworks */,
				25001E3E2A2A45E5A3C10583 /* ImageIO.framework in Frameworks */,
				3F66EFCF974745148F92AD9F /* CoreLocation.framework in Frameworks */,
				754BCCBDD8BC45BEAB2CFB94 /* AVFoundation.framework in Frameworks */,
				45367F938AD148B480B343DE /* libSIDCard.a in Frameworks */,
				7ED151CB507F40289B0D4912 /* CoreMotion.framework in Frameworks */,
				78313A5275CB411BB8434B9D /* CoreMedia.framework in Frameworks */,
				9577FC28B64343CE9CEACB43 /* AudioToolbox.framework in Frameworks */,
				A441DD1178A04A2489128894 /* libstdc++.tbd in Frameworks */,
				193B01D5F26C87A4191C4C96 /* Aspects.framework in Frameworks */,
				28F7826DCE8942D566CBEEC4 /* FMDB.framework in Frameworks */,
				383E2580E3B38A401EADC772 /* MBProgressHUD.framework in Frameworks */,
				EBA81A241572F5FAD99E1A68 /* MJRefresh.framework in Frameworks */,
				C7E043935A1D99CBBCEE193F /* SAMKeychain.framework in Frameworks */,
				294FAD0309F4F39AD903DF53 /* SDWebImage.framework in Frameworks */,
				E454B7F12DAEBE052AC2C18F /* SSZipArchive.framework in Frameworks */,
				478595472965D3CC7CD2590D /* TZImagePickerController.framework in Frameworks */,
				91F249E0C0D745F54E0BA08E /* YYModel.framework in Frameworks */,
			);
			runOnlyForDeploymentPostprocessing = 0;
		};
/* End PBXFrameworksBuildPhase section */

/* Begin PBXGroup section */
		080E96DDFE201D6D7F000001 /* Classes */ = {
			isa = PBXGroup;
			children = (
				302D95EE14D2391D003F00A1 /* MainViewController.h */,
				302D95EF14D2391D003F00A1 /* MainViewController.m */,
				302D95F014D2391D003F00A1 /* MainViewController.xib */,
				1D3623240D0F684500981E51 /* AppDelegate.h */,
				1D3623250D0F684500981E51 /* AppDelegate.m */,
			);
			name = Classes;
			path = "天祝融/Classes";
			sourceTree = SOURCE_ROOT;
		};
		19C28FACFE9D520D11CA2CBB /* Products */ = {
			isa = PBXGroup;
			children = (
				1D6058910D05DD3D006BFB54 /* 天祝融.app */,
			);
			name = Products;
			sourceTree = "<group>";
		};
		29B97314FDCFA39411CA2CEA = {
			isa = PBXGroup;
			children = (
				EB87FDF41871DAF40020F90C /* config.xml */,
				EB87FDF31871DA8E0020F90C /* www */,
				EB87FDF11871DA420020F90C /* Staging */,
				301BF52D109A57CC0062928A /* CordovaLib.xcodeproj */,
				080E96DDFE201D6D7F000001 /* Classes */,
				307C750510C5A3420062BCA9 /* Plugins */,
				29B97315FDCFA39411CA2CEA /* Other Sources */,
				29B97317FDCFA39411CA2CEA /* Resources */,
				29B97323FDCFA39411CA2CEA /* Frameworks */,
				19C28FACFE9D520D11CA2CBB /* Products */,
			);
			name = CustomTemplate;
			sourceTree = "<group>";
		};
		29B97315FDCFA39411CA2CEA /* Other Sources */ = {
			isa = PBXGroup;
			children = (
				32CA4F630368D1EE00C91783 /* 天祝融-Prefix.pch */,
				29B97316FDCFA39411CA2CEA /* main.m */,
				ED33DF2A687741AEAF9F8254 /* Bridging-Header.h */,
			);
			name = "Other Sources";
			path = "天祝融";
			sourceTree = "<group>";
		};
		29B97317FDCFA39411CA2CEA /* Resources */ = {
			isa = PBXGroup;
			children = (
				0207DA571B56EA530066E2B4 /* Images.xcassets */,
				3047A50E1AB8057F00498E2A /* config */,
				8D1107310486CEB800E47090 /* 天祝融-Info.plist */,
				6AFF5BF81D6E424B00AB3073 /* CDVLaunchScreen.storyboard */,
				A6F8D62EFDC74C89BE75673D /* IUMCommonUI.xcassets */,
				808360573A77435CB242A471 /* Summer.xcassets */,
				C56F82065BA14FDFA107E5A9 /* PhotoBrowser.xcassets */,
				BC15AA46C53A4CA589AB54B1 /* shake.mp3 */,
				EF710D6492564FC599F5DF25 /* SummerBridge.js */,
				8A6F4A133B9945CD81C2CCDE /* 41BE070B78561BB56C47.lic */,
			);
			name = Resources;
			path = "天祝融/Resources";
			sourceTree = "<group>";
		};
		29B97323FDCFA39411CA2CEA /* Frameworks */ = {
			isa = PBXGroup;
			children = (
				C70E51AEF70345BFAC7DE50C /* libiUapMobile.a */,
				165BA41D642449EFA1C9A3CF /* libsqlite3.0.tbd */,
				8D7F36EF493D47D09BB7D15A /* libresolv.tbd */,
				1D27069C8E724F45882DF131 /* SystemConfiguration.framework */,
				A37DCA134F6D41599341BA88 /* AliyunOSSiOS.framework */,
				A0EEBF9F39EF4B9B9D28E404 /* WebKit.framework */,
				CA9FAC401B504180B48B044D /* ImageIO.framework */,
				5C4166537F724965B80EA01C /* CoreLocation.framework */,
				BBCC1EF90B964FAAA4F67395 /* AVFoundation.framework */,
				EF666CA628094FD19BB7A976 /* libSIDCard.a */,
				20681EA10893408E9DD06268 /* CoreMotion.framework */,
				B61DDC8686DE4D1FB1A2098B /* CoreMedia.framework */,
				9FCC79D1F86E4152AA77020E /* AudioToolbox.framework */,
				B3712DAD7230464E82CB91F6 /* libstdc++.tbd */,
				FEF65EC352E1422D1A685F92 /* Aspects.framework */,
				BCFBA071A79715917B087F7A /* FMDB.framework */,
				D424FBCFB2E7C2ADC7C05761 /* MBProgressHUD.framework */,
				4A458410B7813A58757D1A39 /* MJRefresh.framework */,
				50DC05134DE57112F8EA91F1 /* SAMKeychain.framework */,
				D5A94C8279B63AB735382974 /* SDWebImage.framework */,
				F14E46AD76B0B5B0E1B2B897 /* SSZipArchive.framework */,
				A31A37E5F49B4DAB7601B890 /* TZImagePickerController.framework */,
				FF18023518C6E5BBA44A40F6 /* YYModel.framework */,
			);
			name = Frameworks;
			sourceTree = "<group>";
		};
		301BF52E109A57CC0062928A /* Products */ = {
			isa = PBXGroup;
			children = (
				301BF535109A57CC0062928A /* libCordova.a */,
			);
			name = Products;
			sourceTree = "<group>";
		};
		3047A50E1AB8057F00498E2A /* config */ = {
			isa = PBXGroup;
			children = (
				3047A50F1AB8059700498E2A /* build-debug.xcconfig */,
				3047A5101AB8059700498E2A /* build-release.xcconfig */,
				3047A5111AB8059700498E2A /* build.xcconfig */,
			);
			name = config;
			sourceTree = "<group>";
		};
		307C750510C5A3420062BCA9 /* Plugins */ = {
			isa = PBXGroup;
			children = (
				6BBCD22D3D774C92ACA1C1B1 /* CDVSummerAPMPlugin.m */,
				0497D2F3834A421D868B6130 /* CDVSummerAPMPlugin.h */,
				79DC114FD8B14F65A20EEF3A /* CDVWKWebViewEngine.m */,
				A863BC859B3F4BAD8B691D26 /* CDVWKWebViewUIDelegate.m */,
				90DBEA98B700491AA4F06BB7 /* CDVWKProcessPoolFactory.m */,
				3307EF950ED44A09B915FEE5 /* CDVWKWebViewEngine.h */,
				F70061405A274B36BC496DEE /* CDVWKWebViewUIDelegate.h */,
				A3113422E6D047A09A95595B /* CDVWKProcessPoolFactory.h */,
				F017B1BA7F654ECE8DEA0CBD /* CDVFile.m */,
				4CFBD0A7DD7A415BBF72D22D /* CDVLocalFilesystem.m */,
				89A3B59E6DDB4C14BE3339C5 /* CDVAssetLibraryFilesystem.m */,
				00E0DF444BA14A228F638EF8 /* CDVFile.h */,
				8E4BDE56C9E048AD83AF679A /* CDVLocalFilesystem.h */,
				C5D817C0F648417BA1C88995 /* CDVAssetLibraryFilesystem.h */,
				9FA35CB5D164447882BF67BC /* CordovaHttpPlugin.m */,
				11053D2B609F4B20B3C2A033 /* CordovaHttpPlugin.h */,
				1C7C24633D5F46C7BB4A2F00 /* UIImage+CropScaleOrientation.m */,
				4A2DD252B7EA43A7A70F20DE /* CDVCamera.m */,
				6E4B4F0F27764BF68E9E6CFA /* CDVJpegHeaderWriter.m */,
				0ACE6D8515A44469AF859229 /* UIImage+CropScaleOrientation.h */,
				F21F9BAA745A43A0982FF578 /* CDVCamera.h */,
				45C8D7291AA9460EA337309C /* CDVJpegHeaderWriter.h */,
				61BA4D63346D4DA9A27829A0 /* CDVExif.h */,
				04546345C57A47B2B7D8CF0B /* IDCardScanner.m */,
				9BAD81C96BC14244AB8AF0AF /* IDCardScanner.h */,
				541A09FFFDA7435699ABB970 /* SIDCard.h */,
			);
			name = Plugins;
			path = "天祝融/Plugins";
			sourceTree = SOURCE_ROOT;
		};
		EB87FDF11871DA420020F90C /* Staging */ = {
			isa = PBXGroup;
			children = (
				F840E1F0165FE0F500CFE078 /* config.xml */,
				301BF56E109A69640062928A /* www */,
				583A5A4D99015C3E1F5A6E51 /* platform_www */,
			);
			name = Staging;
			sourceTree = "<group>";
		};
/* End PBXGroup section */

/* Begin PBXNativeTarget section */
		1D6058900D05DD3D006BFB54 /* 天祝融 */ = {
			isa = PBXNativeTarget;
			buildConfigurationList = 1D6058960D05DD3E006BFB54 /* Build configuration list for PBXNativeTarget "天祝融" */;
			buildPhases = (
				304B58A110DAC018002A0835 /* Copy www directory */,
				1D60588D0D05DD3D006BFB54 /* Resources */,
				1D60588E0D05DD3D006BFB54 /* Sources */,
				1D60588F0D05DD3D006BFB54 /* Frameworks */,
				BB4EABDDBAE7141910B2FF5B /* Carthage */,
			);
			buildRules = (
			);
			dependencies = (
				301BF551109A68C00062928A /* PBXTargetDependency */,
			);
			name = "天祝融";
			productName = "天祝融";
			productReference = 1D6058910D05DD3D006BFB54 /* 天祝融.app */;
			productType = "com.apple.product-type.application";
		};
/* End PBXNativeTarget section */

/* Begin PBXProject section */
		29B97313FDCFA39411CA2CEA /* Project object */ = {
			isa = PBXProject;
			attributes = {
				LastUpgradeCheck = 510;
			};
			buildConfigurationList = C01FCF4E08A954540054247B /* Build configuration list for PBXProject "天祝融" */;
			compatibilityVersion = "Xcode 3.2";
			developmentRegion = English;
			hasScannedForEncodings = 1;
			mainGroup = 29B97314FDCFA39411CA2CEA;
			productRefGroup = 19C28FACFE9D520D11CA2CBB /* Products */;
			projectDirPath = "";
			projectReferences = (
				{
					ProductGroup = 301BF52E109A57CC0062928A /* Products */;
					ProjectRef = 301BF52D109A57CC0062928A /* CordovaLib.xcodeproj */;
				},
			);
			projectRoot = "";
			targets = (
				1D6058900D05DD3D006BFB54 /* 天祝融 */,
			);
		};
/* End PBXProject section */

/* Begin PBXReferenceProxy section */
		301BF535109A57CC0062928A /* libCordova.a */ = {
			isa = PBXReferenceProxy;
			fileType = archive.ar;
			path = libCordova.a;
			remoteRef = 301BF534109A57CC0062928A /* PBXContainerItemProxy */;
			sourceTree = BUILT_PRODUCTS_DIR;
		};
/* End PBXReferenceProxy section */

/* Begin PBXResourcesBuildPhase section */
		1D60588D0D05DD3D006BFB54 /* Resources */ = {
			isa = PBXResourcesBuildPhase;
			buildActionMask = 2147483647;
			files = (
				302D95F214D2391D003F00A1 /* MainViewController.xib in Resources */,
				0207DA581B56EA530066E2B4 /* Images.xcassets in Resources */,
				6AFF5BF91D6E424B00AB3073 /* CDVLaunchScreen.storyboard in Resources */,
				69E53BE48BBC4999938DF69B /* IUMCommonUI.xcassets in Resources */,
				CF5F8E3C2D9E48B38C76F90E /* Summer.xcassets in Resources */,
				C87312590F484A609E08A557 /* PhotoBrowser.xcassets in Resources */,
				0D253D00DEFD411A95E4A664 /* shake.mp3 in Resources */,
				275AC88511C54038B573C1DA /* SummerBridge.js in Resources */,
				1C1D49D01F6C46799DE538D4 /* 41BE070B78561BB56C47.lic in Resources */,
				02E8BEBA020D8D385E0883D2 /* platform_www in Resources */,
			);
			runOnlyForDeploymentPostprocessing = 0;
		};
/* End PBXResourcesBuildPhase section */

/* Begin PBXShellScriptBuildPhase section */
		304B58A110DAC018002A0835 /* Copy www directory */ = {
			isa = PBXShellScriptBuildPhase;
			buildActionMask = 2147483647;
			files = (
			);
			inputPaths = (
			);
			name = "Copy www directory";
			outputPaths = (
			);
			runOnlyForDeploymentPostprocessing = 0;
			shellPath = /bin/sh;
			shellScript = "NODEJS_PATH=/usr/local/bin; NVM_NODE_PATH=~/.nvm/versions/node/`nvm version 2>/dev/null`/bin; N_NODE_PATH=`find /usr/local/n/versions/node/* -maxdepth 0 -type d 2>/dev/null | tail -1`/bin; XCODE_NODE_PATH=`xcode-select --print-path`/usr/share/xcs/Node/bin; PATH=$NODEJS_PATH:$NVM_NODE_PATH:$N_NODE_PATH:$XCODE_NODE_PATH:$PATH && node cordova/lib/copy-www-build-step.js";
			showEnvVarsInLog = 0;
		};
		BB4EABDDBAE7141910B2FF5B /* Carthage */ = {
			isa = PBXShellScriptBuildPhase;
			buildActionMask = 2147483647;
			files = (
			);
			inputPaths = (
				"$(SRCROOT)/DynamicFrameworks/Aspects.framework",
				"$(SRCROOT)/DynamicFrameworks/FMDB.framework",
				"$(SRCROOT)/DynamicFrameworks/MBProgressHUD.framework",
				"$(SRCROOT)/DynamicFrameworks/MJRefresh.framework",
				"$(SRCROOT)/DynamicFrameworks/SAMKeychain.framework",
				"$(SRCROOT)/DynamicFrameworks/SDWebImage.framework",
				"$(SRCROOT)/DynamicFrameworks/SSZipArchive.framework",
				"$(SRCROOT)/DynamicFrameworks/TZImagePickerController.framework",
				"$(SRCROOT)/DynamicFrameworks/YYModel.framework",
			);
			name = Carthage;
			outputPaths = (
			);
			runOnlyForDeploymentPostprocessing = 0;
			shellPath = /bin/sh;
			shellScript = "/usr/local/bin/carthage copy-frameworks";
			showEnvVarsInLog = 0;
		};
/* End PBXShellScriptBuildPhase section */

/* Begin PBXSourcesBuildPhase section */
		1D60588E0D05DD3D006BFB54 /* Sources */ = {
			isa = PBXSourcesBuildPhase;
			buildActionMask = 2147483647;
			files = (
				1D60589B0D05DD56006BFB54 /* main.m in Sources */,
				1D3623260D0F684500981E51 /* AppDelegate.m in Sources */,
				302D95F114D2391D003F00A1 /* MainViewController.m in Sources */,
				A9B63942C3A4454684DE4DE1 /* CDVSummerAPMPlugin.m in Sources */,
				3F3241AE96BA40E8ADD2F5D1 /* CDVWKWebViewEngine.m in Sources */,
				029DED591F244E90B26709BF /* CDVWKWebViewUIDelegate.m in Sources */,
				12EE31CDCEF346628F2706AB /* CDVWKProcessPoolFactory.m in Sources */,
				FE33B9D16D644B68AD6B0EF3 /* CDVFile.m in Sources */,
				B7F37C1B764D4129969E76A2 /* CDVLocalFilesystem.m in Sources */,
				9119B74A551745609950D3F9 /* CDVAssetLibraryFilesystem.m in Sources */,
				1EEA5A842F5F4568938227F7 /* CordovaHttpPlugin.m in Sources */,
				6BDE762157BC4165B26DD8F3 /* UIImage+CropScaleOrientation.m in Sources */,
				964A9981ACF54BFFA43B91DD /* CDVCamera.m in Sources */,
				6800229F419E435288BF91E6 /* CDVJpegHeaderWriter.m in Sources */,
				1536F4656AAA4A3DBE12B51A /* IDCardScanner.m in Sources */,
			);
			runOnlyForDeploymentPostprocessing = 0;
		};
/* End PBXSourcesBuildPhase section */

/* Begin PBXTargetDependency section */
		301BF551109A68C00062928A /* PBXTargetDependency */ = {
			isa = PBXTargetDependency;
			name = CordovaLib;
			targetProxy = 301BF550109A68C00062928A /* PBXContainerItemProxy */;
		};
/* End PBXTargetDependency section */

/* Begin XCBuildConfiguration section */
		1D6058940D05DD3E006BFB54 /* Debug */ = {
			isa = XCBuildConfiguration;
			baseConfigurationReference = 3047A50F1AB8059700498E2A /* build-debug.xcconfig */;
			buildSettings = {
				ALWAYS_SEARCH_USER_PATHS = NO;
				ASSETCATALOG_COMPILER_APPICON_NAME = AppIcon;
				ASSETCATALOG_COMPILER_LAUNCHIMAGE_NAME = LaunchImage;
				CLANG_ENABLE_MODULES = YES;
				CLANG_ENABLE_OBJC_ARC = YES;
				COPY_PHASE_STRIP = NO;
				FRAMEWORK_SEARCH_PATHS = (
					"$(inherited)",
					"\"天祝融/Plugins/cordova-plugin-iuapmobile\"",
					"$(PROJECT_DIR)/DynamicFrameworks",
				);
				GCC_DYNAMIC_NO_PIC = NO;
				GCC_OPTIMIZATION_LEVEL = 0;
				GCC_PRECOMPILE_PREFIX_HEADER = YES;
				GCC_PREFIX_HEADER = "天祝融/天祝融-Prefix.pch";
				GCC_THUMB_SUPPORT = NO;
				GCC_VERSION = "";
				HEADER_SEARCH_PATHS = (
					"$(inherited)",
					"$(PROJECT_DIR)/iUapMobile/Headers/**",
				);
				INFOPLIST_FILE = "天祝融/天祝融-Info.plist";
				IPHONEOS_DEPLOYMENT_TARGET = 8.0;
				LD_RUNPATH_SEARCH_PATHS = "@executable_path/Frameworks";
				LIBRARY_SEARCH_PATHS = (
					"$(inherited)",
					"\"$(SRCROOT)/天祝融/Plugins/cordova-plugin-iuapmobile\"",
					"\"$(SRCROOT)/天祝融/Plugins/cordova-plugin-summer-personscan\"",
				);
				PRODUCT_NAME = "天祝融";
				TARGETED_DEVICE_FAMILY = "1";
			};
			name = Debug;
		};
		1D6058950D05DD3E006BFB54 /* Release */ = {
			isa = XCBuildConfiguration;
			baseConfigurationReference = 3047A5101AB8059700498E2A /* build-release.xcconfig */;
			buildSettings = {
				ALWAYS_SEARCH_USER_PATHS = NO;
				ASSETCATALOG_COMPILER_APPICON_NAME = AppIcon;
				ASSETCATALOG_COMPILER_LAUNCHIMAGE_NAME = LaunchImage;
				CLANG_ENABLE_MODULES = YES;
				CLANG_ENABLE_OBJC_ARC = YES;
				COPY_PHASE_STRIP = YES;
				FRAMEWORK_SEARCH_PATHS = (
					"$(inherited)",
					"\"天祝融/Plugins/cordova-plugin-iuapmobile\"",
					"$(PROJECT_DIR)/DynamicFrameworks",
				);
				GCC_PRECOMPILE_PREFIX_HEADER = YES;
				GCC_PREFIX_HEADER = "天祝融/天祝融-Prefix.pch";
				GCC_THUMB_SUPPORT = NO;
				GCC_VERSION = "";
				HEADER_SEARCH_PATHS = (
					"$(inherited)",
					"$(PROJECT_DIR)/iUapMobile/Headers/**",
				);
				INFOPLIST_FILE = "天祝融/天祝融-Info.plist";
				IPHONEOS_DEPLOYMENT_TARGET = 8.0;
				LD_RUNPATH_SEARCH_PATHS = "@executable_path/Frameworks";
				LIBRARY_SEARCH_PATHS = (
					"$(inherited)",
					"\"$(SRCROOT)/天祝融/Plugins/cordova-plugin-iuapmobile\"",
					"\"$(SRCROOT)/天祝融/Plugins/cordova-plugin-summer-personscan\"",
				);
				PRODUCT_NAME = "天祝融";
				TARGETED_DEVICE_FAMILY = "1";
			};
			name = Release;
		};
		C01FCF4F08A954540054247B /* Debug */ = {
			isa = XCBuildConfiguration;
			baseConfigurationReference = 3047A5111AB8059700498E2A /* build.xcconfig */;
			buildSettings = {
				CLANG_ENABLE_MODULES = YES;
				CLANG_ENABLE_OBJC_ARC = YES;
				CLANG_WARN_BOOL_CONVERSION = YES;
				CLANG_WARN_CONSTANT_CONVERSION = YES;
				CLANG_WARN_EMPTY_BODY = YES;
				CLANG_WARN_ENUM_CONVERSION = YES;
				CLANG_WARN_INT_CONVERSION = YES;
				CLANG_WARN__DUPLICATE_METHOD_MATCH = YES;
				GCC_C_LANGUAGE_STANDARD = c99;
				GCC_THUMB_SUPPORT = NO;
				GCC_VERSION = "";
				GCC_WARN_ABOUT_RETURN_TYPE = YES;
				GCC_WARN_UNDECLARED_SELECTOR = YES;
				GCC_WARN_UNINITIALIZED_AUTOS = YES;
				GCC_WARN_UNUSED_FUNCTION = YES;
				GCC_WARN_UNUSED_VARIABLE = YES;
				ONLY_ACTIVE_ARCH = YES;
				SDKROOT = iphoneos;
				SKIP_INSTALL = NO;
				TARGETED_DEVICE_FAMILY = "1";
				IPHONEOS_DEPLOYMENT_TARGET = 8.0;
			};
			name = Debug;
		};
		C01FCF5008A954540054247B /* Release */ = {
			isa = XCBuildConfiguration;
			baseConfigurationReference = 3047A5111AB8059700498E2A /* build.xcconfig */;
			buildSettings = {
				CLANG_ENABLE_MODULES = YES;
				CLANG_ENABLE_OBJC_ARC = YES;
				CLANG_WARN_BOOL_CONVERSION = YES;
				CLANG_WARN_CONSTANT_CONVERSION = YES;
				CLANG_WARN_EMPTY_BODY = YES;
				CLANG_WARN_ENUM_CONVERSION = YES;
				CLANG_WARN_INT_CONVERSION = YES;
				CLANG_WARN__DUPLICATE_METHOD_MATCH = YES;
				GCC_C_LANGUAGE_STANDARD = c99;
				GCC_THUMB_SUPPORT = NO;
				GCC_VERSION = "";
				GCC_WARN_ABOUT_RETURN_TYPE = YES;
				GCC_WARN_UNDECLARED_SELECTOR = YES;
				GCC_WARN_UNINITIALIZED_AUTOS = YES;
				GCC_WARN_UNUSED_FUNCTION = YES;
				GCC_WARN_UNUSED_VARIABLE = YES;
				SDKROOT = iphoneos;
				SKIP_INSTALL = NO;
				TARGETED_DEVICE_FAMILY = "1";
				IPHONEOS_DEPLOYMENT_TARGET = 8.0;
			};
			name = Release;
		};
/* End XCBuildConfiguration section */

/* Begin XCConfigurationList section */
		1D6058960D05DD3E006BFB54 /* Build configuration list for PBXNativeTarget "天祝融" */ = {
			isa = XCConfigurationList;
			buildConfigurations = (
				1D6058940D05DD3E006BFB54 /* Debug */,
				1D6058950D05DD3E006BFB54 /* Release */,
			);
			defaultConfigurationIsVisible = 0;
			defaultConfigurationName = Release;
		};
		C01FCF4E08A954540054247B /* Build configuration list for PBXProject "天祝融" */ = {
			isa = XCConfigurationList;
			buildConfigurations = (
				C01FCF4F08A954540054247B /* Debug */,
				C01FCF5008A954540054247B /* Release */,
			);
			defaultConfigurationIsVisible = 0;
			defaultConfigurationName = Release;
		};
/* End XCConfigurationList section */
	};
	rootObject = 29B97313FDCFA39411CA2CEA /* Project object */;
}
